
Microsoft Visual Studio Solution File, Format Version 12.00
# Visual Studio Version 17
VisualStudioVersion = 17.13.35825.156 d17.13
MinimumVisualStudioVersion = 10.0.40219.1
Project("{FAE04EC0-301F-11D3-BF4B-00C04F79EFBC}") = "SD7501_NailBookingSystem", "SD7501_NailBookingSystem\SD7501_NailBookingSystem.csproj", "{C201575D-CD93-4E10-9F62-E33C23388035}"
EndProject
Global
	GlobalSection(SolutionConfigurationPlatforms) = preSolution
		Debug|Any CPU = Debug|Any CPU
		Release|Any CPU = Release|Any CPU
	EndGlobalSection
	GlobalSection(ProjectConfigurationPlatforms) = postSolution
		{C201575D-CD93-4E10-9F62-E33C23388035}.Debug|Any CPU.ActiveCfg = Debug|Any CPU
		{C201575D-CD93-4E10-9F62-E33C23388035}.Debug|Any CPU.Build.0 = Debug|Any CPU
		{C201575D-CD93-4E10-9F62-E33C23388035}.Release|Any CPU.ActiveCfg = Release|Any CPU
		{C201575D-CD93-4E10-9F62-E33C23388035}.Release|Any CPU.Build.0 = Release|Any CPU
	EndGlobalSection
	GlobalSection(SolutionProperties) = preSolution
		HideSolutionNode = FALSE
	EndGlobalSection
	GlobalSection(ExtensibilityGlobals) = postSolution
		SolutionGuid = {76E9D47F-99E4-4CD4-828F-697C099E5D6C}
	EndGlobalSection
EndGlobal
